
Microsoft Visual Studio Solution File, Format Version 12.00
# Visual Studio 15
VisualStudioVersion = 15.0.28307.136
MinimumVisualStudioVersion = 10.0.40219.1
Project("{FAE04EC0-301F-11D3-BF4B-00C04F79EFBC}") = "SteamTokenDumper", "SteamTokenDumper.csproj", "{3C28B258-3264-45BC-A42D-07D5F540F093}"
EndProject
Global
	GlobalSection(SolutionConfigurationPlatforms) = preSolution
		Release|x64 = Release|x64
	EndGlobalSection
	GlobalSection(ProjectConfigurationPlatforms) = postSolution
		{3C28B258-3264-45BC-A42D-07D5F540F093}.Release|x64.ActiveCfg = Debug|x86
		{3C28B258-3264-45BC-A42D-07D5F540F093}.Release|x64.Build.0 = Debug|x86
	EndGlobalSection
	GlobalSection(SolutionProperties) = preSolution
		HideSolutionNode = FALSE
	EndGlobalSection
	GlobalSection(ExtensibilityGlobals) = postSolution
		SolutionGuid = {967B1C45-272A-4C15-BD17-29635D34D821}
	EndGlobalSection
EndGlobal
